
Microsoft Visual Studio Solution File, Format Version 12.00
# Visual Studio Version 17
VisualStudioVersion = 17.5.002.0
MinimumVisualStudioVersion = 10.0.40219.1
Project("{2150E333-8FDC-42A3-9474-1A3956D46DE8}") = "csharp-prep", "csharp-prep", "{CD8F82B6-82B6-44FE-93D2-81F62325E723}"
EndProject
Project("{9A19103F-16F7-4668-BE54-9A1E7A4F7556}") = "Prep1", "csharp-prep\Prep1\Prep1.csproj", "{CC5C9274-C951-41F2-AD1F-E45FC07D7FFD}"
EndProject
Project("{9A19103F-16F7-4668-BE54-9A1E7A4F7556}") = "Prep2", "csharp-prep\Prep2\Prep2.csproj", "{631B3BE5-8B40-4832-96A5-21F68B63F864}"
EndProject
Project("{9A19103F-16F7-4668-BE54-9A1E7A4F7556}") = "Prep3", "csharp-prep\Prep3\Prep3.csproj", "{12443A33-D40E-4FCD-91A9-9C4EE7C05512}"
EndProject
Project("{9A19103F-16F7-4668-BE54-9A1E7A4F7556}") = "Prep4", "csharp-prep\Prep4\Prep4.csproj", "{F9EFA553-1896-4753-849F-560F8F033116}"
EndProject
Project("{9A19103F-16F7-4668-BE54-9A1E7A4F7556}") = "Prep5", "csharp-prep\Prep5\Prep5.csproj", "{F4518822-0ACD-43E1-A3FF-C1BFD65EBFD5}"
EndProject
Project("{2150E333-8FDC-42A3-9474-1A3956D46DE8}") = "final", "final", "{F422A6C4-F4CB-47CD-9C7C-56221E89E16B}"
EndProject
Project("{9A19103F-16F7-4668-BE54-9A1E7A4F7556}") = "FinalProject", "final\FinalProject\FinalProject.csproj", "{E0BF586B-FF91-4B0E-BB02-37F1711F7677}"
EndProject
Project("{9A19103F-16F7-4668-BE54-9A1E7A4F7556}") = "Foundation1", "final\Foundation1\Foundation1.csproj", "{5E14BBC7-E717-4204-8602-19527831E811}"
EndProject
Project("{9A19103F-16F7-4668-BE54-9A1E7A4F7556}") = "Foundation2", "final\Foundation2\Foundation2.csproj", "{8AD5BE05-45CB-4D47-87B0-24340E17BFCD}"
EndProject
Project("{9A19103F-16F7-4668-BE54-9A1E7A4F7556}") = "Foundation3", "final\Foundation3\Foundation3.csproj", "{FBC63421-0B64-4DD3-A492-1C39039ED59F}"
EndProject
Project("{9A19103F-16F7-4668-BE54-9A1E7A4F7556}") = "Foundation4", "final\Foundation4\Foundation4.csproj", "{511EF2E4-F05B-401C-ACB1-9536C0A2D041}"
EndProject
Project("{2150E333-8FDC-42A3-9474-1A3956D46DE8}") = "prepare", "prepare", "{C9C20529-58E2-4D8A-A409-3B1CBA440722}"
EndProject
Project("{9A19103F-16F7-4668-BE54-9A1E7A4F7556}") = "Learning02", "prepare\Learning02\Learning02.csproj", "{2A128458-AC13-4665-8A97-DE14A10D42C7}"
EndProject
Project("{9A19103F-16F7-4668-BE54-9A1E7A4F7556}") = "Learning03", "prepare\Learning03\Learning03.csproj", "{1822A93A-F93C-400A-8315-D44853DDC0E9}"
EndProject
Project("{9A19103F-16F7-4668-BE54-9A1E7A4F7556}") = "Learning04", "prepare\Learning04\Learning04.csproj", "{AB1B792B-1637-408C-8643-380D34506F03}"
EndProject
Project("{9A19103F-16F7-4668-BE54-9A1E7A4F7556}") = "Learning05", "prepare\Learning05\Learning05.csproj", "{C3D6D3B2-EF30-4357-B156-A172A92ED73C}"
EndProject
Project("{2150E333-8FDC-42A3-9474-1A3956D46DE8}") = "prove", "prove", "{97078922-8267-43B3-95CF-B34F4DCE405F}"
EndProject
Project("{9A19103F-16F7-4668-BE54-9A1E7A4F7556}") = "Develop02", "prove\Develop02\Develop02.csproj", "{309C2983-603B-4FA8-B768-F618DE4E6854}"
EndProject
Project("{9A19103F-16F7-4668-BE54-9A1E7A4F7556}") = "Develop03", "prove\Develop03\Develop03.csproj", "{57FE8D0D-F1BF-48DC-A082-693A7747278B}"
EndProject
Project("{9A19103F-16F7-4668-BE54-9A1E7A4F7556}") = "Develop04", "prove\Develop04\Develop04.csproj", "{75C702BB-BAD7-4E93-AC72-CC76CF6D3E29}"
EndProject
Project("{9A19103F-16F7-4668-BE54-9A1E7A4F7556}") = "Develop05", "prove\Develop05\Develop05.csproj", "{4B184FD4-61A7-4C35-AF69-688ECBE025BC}"
EndProject
Project("{2150E333-8FDC-42A3-9474-1A3956D46DE8}") = "sandbox", "sandbox", "{09C78DCE-1258-4DEA-A042-4E23833FB4B8}"
EndProject
Project("{9A19103F-16F7-4668-BE54-9A1E7A4F7556}") = "Sandbox", "sandbox\Sandbox\Sandbox.csproj", "{CCAEE085-B378-44B1-83A6-EC2C089B595A}"
EndProject
Global
	GlobalSection(SolutionConfigurationPlatforms) = preSolution
		Debug|Any CPU = Debug|Any CPU
		Release|Any CPU = Release|Any CPU
	EndGlobalSection
	GlobalSection(ProjectConfigurationPlatforms) = postSolution
		{CC5C9274-C951-41F2-AD1F-E45FC07D7FFD}.Debug|Any CPU.ActiveCfg = Debug|Any CPU
		{CC5C9274-C951-41F2-AD1F-E45FC07D7FFD}.Debug|Any CPU.Build.0 = Debug|Any CPU
		{CC5C9274-C951-41F2-AD1F-E45FC07D7FFD}.Release|Any CPU.ActiveCfg = Release|Any CPU
		{CC5C9274-C951-41F2-AD1F-E45FC07D7FFD}.Release|Any CPU.Build.0 = Release|Any CPU
		{631B3BE5-8B40-4832-96A5-21F68B63F864}.Debug|Any CPU.ActiveCfg = Debug|Any CPU
		{631B3BE5-8B40-4832-96A5-21F68B63F864}.Debug|Any CPU.Build.0 = Debug|Any CPU
		{631B3BE5-8B40-4832-96A5-21F68B63F864}.Release|Any CPU.ActiveCfg = Release|Any CPU
		{631B3BE5-8B40-4832-96A5-21F68B63F864}.Release|Any CPU.Build.0 = Release|Any CPU
		{12443A33-D40E-4FCD-91A9-9C4EE7C05512}.Debug|Any CPU.ActiveCfg = Debug|Any CPU
		{12443A33-D40E-4FCD-91A9-9C4EE7C05512}.Debug|Any CPU.Build.0 = Debug|Any CPU
		{12443A33-D40E-4FCD-91A9-9C4EE7C05512}.Release|Any CPU.ActiveCfg = Release|Any CPU
		{12443A33-D40E-4FCD-91A9-9C4EE7C05512}.Release|Any CPU.Build.0 = Release|Any CPU
		{F9EFA553-1896-4753-849F-560F8F033116}.Debug|Any CPU.ActiveCfg = Debug|Any CPU
		{F9EFA553-1896-4753-849F-560F8F033116}.Debug|Any CPU.Build.0 = Debug|Any CPU
		{F9EFA553-1896-4753-849F-560F8F033116}.Release|Any CPU.ActiveCfg = Release|Any CPU
		{F9EFA553-1896-4753-849F-560F8F033116}.Release|Any CPU.Build.0 = Release|Any CPU
		{F4518822-0ACD-43E1-A3FF-C1BFD65EBFD5}.Debug|Any CPU.ActiveCfg = Debug|Any CPU
		{F4518822-0ACD-43E1-A3FF-C1BFD65EBFD5}.Debug|Any CPU.Build.0 = Debug|Any CPU
		{F4518822-0ACD-43E1-A3FF-C1BFD65EBFD5}.Release|Any CPU.ActiveCfg = Release|Any CPU
		{F4518822-0ACD-43E1-A3FF-C1BFD65EBFD5}.Release|Any CPU.Build.0 = Release|Any CPU
		{E0BF586B-FF91-4B0E-BB02-37F1711F7677}.Debug|Any CPU.ActiveCfg = Debug|Any CPU
		{E0BF586B-FF91-4B0E-BB02-37F1711F7677}.Debug|Any CPU.Build.0 = Debug|Any CPU
		{E0BF586B-FF91-4B0E-BB02-37F1711F7677}.Release|Any CPU.ActiveCfg = Release|Any CPU
		{E0BF586B-FF91-4B0E-BB02-37F1711F7677}.Release|Any CPU.Build.0 = Release|Any CPU
		{5E14BBC7-E717-4204-8602-19527831E811}.Debug|Any CPU.ActiveCfg = Debug|Any CPU
		{5E14BBC7-E717-4204-8602-19527831E811}.Debug|Any CPU.Build.0 = Debug|Any CPU
		{5E14BBC7-E717-4204-8602-19527831E811}.Release|Any CPU.ActiveCfg = Release|Any CPU
		{5E14BBC7-E717-4204-8602-19527831E811}.Release|Any CPU.Build.0 = Release|Any CPU
		{8AD5BE05-45CB-4D47-87B0-24340E17BFCD}.Debug|Any CPU.ActiveCfg = Debug|Any CPU
		{8AD5BE05-45CB-4D47-87B0-24340E17BFCD}.Debug|Any CPU.Build.0 = Debug|Any CPU
		{8AD5BE05-45CB-4D47-87B0-24340E17BFCD}.Release|Any CPU.ActiveCfg = Release|Any CPU
		{8AD5BE05-45CB-4D47-87B0-24340E17BFCD}.Release|Any CPU.Build.0 = Release|Any CPU
		{FBC63421-0B64-4DD3-A492-1C39039ED59F}.Debug|Any CPU.ActiveCfg = Debug|Any CPU
		{FBC63421-0B64-4DD3-A492-1C39039ED59F}.Debug|Any CPU.Build.0 = Debug|Any CPU
		{FBC63421-0B64-4DD3-A492-1C39039ED59F}.Release|Any CPU.ActiveCfg = Release|Any CPU
		{FBC63421-0B64-4DD3-A492-1C39039ED59F}.Release|Any CPU.Build.0 = Release|Any CPU
		{511EF2E4-F05B-401C-ACB1-9536C0A2D041}.Debug|Any CPU.ActiveCfg = Debug|Any CPU
		{511EF2E4-F05B-401C-ACB1-9536C0A2D041}.Debug|Any CPU.Build.0 = Debug|Any CPU
		{511EF2E4-F05B-401C-ACB1-9536C0A2D041}.Release|Any CPU.ActiveCfg = Release|Any CPU
		{511EF2E4-F05B-401C-ACB1-9536C0A2D041}.Release|Any CPU.Build.0 = Release|Any CPU
		{2A128458-AC13-4665-8A97-DE14A10D42C7}.Debug|Any CPU.ActiveCfg = Debug|Any CPU
		{2A128458-AC13-4665-8A97-DE14A10D42C7}.Debug|Any CPU.Build.0 = Debug|Any CPU
		{2A128458-AC13-4665-8A97-DE14A10D42C7}.Release|Any CPU.ActiveCfg = Release|Any CPU
		{2A128458-AC13-4665-8A97-DE14A10D42C7}.Release|Any CPU.Build.0 = Release|Any CPU
		{1822A93A-F93C-400A-8315-D44853DDC0E9}.Debug|Any CPU.ActiveCfg = Debug|Any CPU
		{1822A93A-F93C-400A-8315-D44853DDC0E9}.Debug|Any CPU.Build.0 = Debug|Any CPU
		{1822A93A-F93C-400A-8315-D44853DDC0E9}.Release|Any CPU.ActiveCfg = Release|Any CPU
		{1822A93A-F93C-400A-8315-D44853DDC0E9}.Release|Any CPU.Build.0 = Release|Any CPU
		{AB1B792B-1637-408C-8643-380D34506F03}.Debug|Any CPU.ActiveCfg = Debug|Any CPU
		{AB1B792B-1637-408C-8643-380D34506F03}.Debug|Any CPU.Build.0 = Debug|Any CPU
		{AB1B792B-1637-408C-8643-380D34506F03}.Release|Any CPU.ActiveCfg = Release|Any CPU
		{AB1B792B-1637-408C-8643-380D34506F03}.Release|Any CPU.Build.0 = Release|Any CPU
		{C3D6D3B2-EF30-4357-B156-A172A92ED73C}.Debug|Any CPU.ActiveCfg = Debug|Any CPU
		{C3D6D3B2-EF30-4357-B156-A172A92ED73C}.Debug|Any CPU.Build.0 = Debug|Any CPU
		{C3D6D3B2-EF30-4357-B156-A172A92ED73C}.Release|Any CPU.ActiveCfg = Release|Any CPU
		{C3D6D3B2-EF30-4357-B156-A172A92ED73C}.Release|Any CPU.Build.0 = Release|Any CPU
		{309C2983-603B-4FA8-B768-F618DE4E6854}.Debug|Any CPU.ActiveCfg = Debug|Any CPU
		{309C2983-603B-4FA8-B768-F618DE4E6854}.Debug|Any CPU.Build.0 = Debug|Any CPU
		{309C2983-603B-4FA8-B768-F618DE4E6854}.Release|Any CPU.ActiveCfg = Release|Any CPU
		{309C2983-603B-4FA8-B768-F618DE4E6854}.Release|Any CPU.Build.0 = Release|Any CPU
		{57FE8D0D-F1BF-48DC-A082-693A7747278B}.Debug|Any CPU.ActiveCfg = Debug|Any CPU
		{57FE8D0D-F1BF-48DC-A082-693A7747278B}.Debug|Any CPU.Build.0 = Debug|Any CPU
		{57FE8D0D-F1BF-48DC-A082-693A7747278B}.Release|Any CPU.ActiveCfg = Release|Any CPU
		{57FE8D0D-F1BF-48DC-A082-693A7747278B}.Release|Any CPU.Build.0 = Release|Any CPU
		{75C702BB-BAD7-4E93-AC72-CC76CF6D3E29}.Debug|Any CPU.ActiveCfg = Debug|Any CPU
		{75C702BB-BAD7-4E93-AC72-CC76CF6D3E29}.Debug|Any CPU.Build.0 = Debug|Any CPU
		{75C702BB-BAD7-4E93-AC72-CC76CF6D3E29}.Release|Any CPU.ActiveCfg = Release|Any CPU
		{75C702BB-BAD7-4E93-AC72-CC76CF6D3E29}.Release|Any CPU.Build.0 = Release|Any CPU
		{4B184FD4-61A7-4C35-AF69-688ECBE025BC}.Debug|Any CPU.ActiveCfg = Debug|Any CPU
		{4B184FD4-61A7-4C35-AF69-688ECBE025BC}.Debug|Any CPU.Build.0 = Debug|Any CPU
		{4B184FD4-61A7-4C35-AF69-688ECBE025BC}.Release|Any CPU.ActiveCfg = Release|Any CPU
		{4B184FD4-61A7-4C35-AF69-688ECBE025BC}.Release|Any CPU.Build.0 = Release|Any CPU
		{CCAEE085-B378-44B1-83A6-EC2C089B595A}.Debug|Any CPU.ActiveCfg = Debug|Any CPU
		{CCAEE085-B378-44B1-83A6-EC2C089B595A}.Debug|Any CPU.Build.0 = Debug|Any CPU
		{CCAEE085-B378-44B1-83A6-EC2C089B595A}.Release|Any CPU.ActiveCfg = Release|Any CPU
		{CCAEE085-B378-44B1-83A6-EC2C089B595A}.Release|Any CPU.Build.0 = Release|Any CPU
	EndGlobalSection
	GlobalSection(SolutionProperties) = preSolution
		HideSolutionNode = FALSE
	EndGlobalSection
	GlobalSection(NestedProjects) = preSolution
		{CC5C9274-C951-41F2-AD1F-E45FC07D7FFD} = {CD8F82B6-82B6-44FE-93D2-81F62325E723}
		{631B3BE5-8B40-4832-96A5-21F68B63F864} = {CD8F82B6-82B6-44FE-93D2-81F62325E723}
		{12443A33-D40E-4FCD-91A9-9C4EE7C05512} = {CD8F82B6-82B6-44FE-93D2-81F62325E723}
		{F9EFA553-1896-4753-849F-560F8F033116} = {CD8F82B6-82B6-44FE-93D2-81F62325E723}
		{F4518822-0ACD-43E1-A3FF-C1BFD65EBFD5} = {CD8F82B6-82B6-44FE-93D2-81F62325E723}
		{E0BF586B-FF91-4B0E-BB02-37F1711F7677} = {F422A6C4-F4CB-47CD-9C7C-56221E89E16B}
		{5E14BBC7-E717-4204-8602-19527831E811} = {F422A6C4-F4CB-47CD-9C7C-56221E89E16B}
		{8AD5BE05-45CB-4D47-87B0-24340E17BFCD} = {F422A6C4-F4CB-47CD-9C7C-56221E89E16B}
		{FBC63421-0B64-4DD3-A492-1C39039ED59F} = {F422A6C4-F4CB-47CD-9C7C-56221E89E16B}
		{511EF2E4-F05B-401C-ACB1-9536C0A2D041} = {F422A6C4-F4CB-47CD-9C7C-56221E89E16B}
		{2A128458-AC13-4665-8A97-DE14A10D42C7} = {C9C20529-58E2-4D8A-A409-3B1CBA440722}
		{1822A93A-F93C-400A-8315-D44853DDC0E9} = {C9C20529-58E2-4D8A-A409-3B1CBA440722}
		{AB1B792B-1637-408C-8643-380D34506F03} = {C9C20529-58E2-4D8A-A409-3B1CBA440722}
		{C3D6D3B2-EF30-4357-B156-A172A92ED73C} = {C9C20529-58E2-4D8A-A409-3B1CBA440722}
		{309C2983-603B-4FA8-B768-F618DE4E6854} = {97078922-8267-43B3-95CF-B34F4DCE405F}
		{57FE8D0D-F1BF-48DC-A082-693A7747278B} = {97078922-8267-43B3-95CF-B34F4DCE405F}
		{75C702BB-BAD7-4E93-AC72-CC76CF6D3E29} = {97078922-8267-43B3-95CF-B34F4DCE405F}
		{4B184FD4-61A7-4C35-AF69-688ECBE025BC} = {97078922-8267-43B3-95CF-B34F4DCE405F}
		{CCAEE085-B378-44B1-83A6-EC2C089B595A} = {09C78DCE-1258-4DEA-A042-4E23833FB4B8}
	EndGlobalSection
	GlobalSection(ExtensibilityGlobals) = postSolution
		SolutionGuid = {CE605CF6-9AC0-496D-890B-ED5915EF573E}
	EndGlobalSection
EndGlobal
